{
  "originHash" : "79056716df9a58eeef7c7df6990056b88e3e11e12156a080dd281e128eeace12",
  "pins" : [
    {
      "identity" : "markdowneditor",
      "kind" : "remoteSourceControl",
      "location" : "https://github.com/centrium/MarkdownEditor.git",
      "state" : {
        "branch" : "fix-mono-font",
        "revision" : "105c87991f2b7ceae79ab1cc23d70eae38587817"
      }
    }
  ],
  "version" : 3
}
